
Microsoft Visual Studio Solution File, Format Version 12.00
# Visual Studio Version 17
VisualStudioVersion = 17.2.32630.192
MinimumVisualStudioVersion = 10.0.40219.1
Project("{FAE04EC0-301F-11D3-BF4B-00C04F79EFBC}") = "EMG_gui", "EMG_gui\EMG_gui.csproj", "{F7CD0241-14C5-4067-B502-3523AA7961B1}"
EndProject
Global
	GlobalSection(SolutionConfigurationPlatforms) = preSolution
		Debug|Any CPU = Debug|Any CPU
		Release|Any CPU = Release|Any CPU
	EndGlobalSection
	GlobalSection(ProjectConfigurationPlatforms) = postSolution
		{F7CD0241-14C5-4067-B502-3523AA7961B1}.Debug|Any CPU.ActiveCfg = Debug|Any CPU
		{F7CD0241-14C5-4067-B502-3523AA7961B1}.Debug|Any CPU.Build.0 = Debug|Any CPU
		{F7CD0241-14C5-4067-B502-3523AA7961B1}.Release|Any CPU.ActiveCfg = Release|Any CPU
		{F7CD0241-14C5-4067-B502-3523AA7961B1}.Release|Any CPU.Build.0 = Release|Any CPU
	EndGlobalSection
	GlobalSection(SolutionProperties) = preSolution
		HideSolutionNode = FALSE
	EndGlobalSection
	GlobalSection(ExtensibilityGlobals) = postSolution
		SolutionGuid = {10F9E4B3-5C43-4F69-B04B-11236DE4A2DD}
	EndGlobalSection
EndGlobal
